
Microsoft Visual Studio Solution File, Format Version 12.00
# Visual Studio Version 17
VisualStudioVersion = 17.7.34024.191
MinimumVisualStudioVersion = 10.0.40219.1
Project("{888888A0-9F3D-457C-B088-3A5042F75D52}") = "scheduled-power-off-python", "scheduled-power-off-python\scheduled-power-off-python.pyproj", "{7D3829D8-9CA6-461E-B787-A1D72B4EE28D}"
EndProject
Global
	GlobalSection(SolutionConfigurationPlatforms) = preSolution
		Debug|Any CPU = Debug|Any CPU
		Release|Any CPU = Release|Any CPU
	EndGlobalSection
	GlobalSection(ProjectConfigurationPlatforms) = postSolution
		{7D3829D8-9CA6-461E-B787-A1D72B4EE28D}.Debug|Any CPU.ActiveCfg = Debug|Any CPU
		{7D3829D8-9CA6-461E-B787-A1D72B4EE28D}.Release|Any CPU.ActiveCfg = Release|Any CPU
	EndGlobalSection
	GlobalSection(SolutionProperties) = preSolution
		HideSolutionNode = FALSE
	EndGlobalSection
	GlobalSection(ExtensibilityGlobals) = postSolution
		SolutionGuid = {20803140-7C01-4246-B737-E34DAC7E870D}
	EndGlobalSection
EndGlobal
